
Microsoft Visual Studio Solution File, Format Version 12.00
# Visual Studio Version 17
VisualStudioVersion = 17.0.31903.59
MinimumVisualStudioVersion = 10.0.40219.1
Project("{9A19103F-16F7-4668-BE54-9A1E7A4F7556}") = "AzureAI.Proxy", "AzureAI.Proxy\AzureAI.Proxy.csproj", "{921D7290-2ED9-4435-B7F4-E3E35BA932E0}"
EndProject
Project("{FAE04EC0-301F-11D3-BF4B-00C04F79EFBC}") = "ProxyClient", "ProxyClient\ProxyClient.csproj", "{FA57DB8F-18BC-4A80-A4F1-9DD802FEEBD8}"
EndProject
Global
	GlobalSection(SolutionConfigurationPlatforms) = preSolution
		Debug|Any CPU = Debug|Any CPU
		Release|Any CPU = Release|Any CPU
	EndGlobalSection
	GlobalSection(ProjectConfigurationPlatforms) = postSolution
		{921D7290-2ED9-4435-B7F4-E3E35BA932E0}.Debug|Any CPU.ActiveCfg = Debug|Any CPU
		{921D7290-2ED9-4435-B7F4-E3E35BA932E0}.Debug|Any CPU.Build.0 = Debug|Any CPU
		{921D7290-2ED9-4435-B7F4-E3E35BA932E0}.Release|Any CPU.ActiveCfg = Release|Any CPU
		{921D7290-2ED9-4435-B7F4-E3E35BA932E0}.Release|Any CPU.Build.0 = Release|Any CPU
		{FA57DB8F-18BC-4A80-A4F1-9DD802FEEBD8}.Debug|Any CPU.ActiveCfg = Debug|Any CPU
		{FA57DB8F-18BC-4A80-A4F1-9DD802FEEBD8}.Debug|Any CPU.Build.0 = Debug|Any CPU
		{FA57DB8F-18BC-4A80-A4F1-9DD802FEEBD8}.Release|Any CPU.ActiveCfg = Release|Any CPU
		{FA57DB8F-18BC-4A80-A4F1-9DD802FEEBD8}.Release|Any CPU.Build.0 = Release|Any CPU
	EndGlobalSection
	GlobalSection(SolutionProperties) = preSolution
		HideSolutionNode = FALSE
	EndGlobalSection
	GlobalSection(ExtensibilityGlobals) = postSolution
		SolutionGuid = {235AC484-E396-4829-82C7-92F84D0AF512}
	EndGlobalSection
EndGlobal
